
Microsoft Visual Studio Solution File, Format Version 12.00
# Visual Studio Version 16
VisualStudioVersion = 16.0.31624.102
MinimumVisualStudioVersion = 10.0.40219.1
Project("{FAE04EC0-301F-11D3-BF4B-00C04F79EFBC}") = "Microservice.Person", "Microservice.Person\Microservice.Person.csproj", "{4FB894EA-B26F-4903-9B03-AA7BAEBBCB93}"
EndProject
Project("{E53339B2-1760-4266-BCC7-CA923CBCF16C}") = "docker-compose", "docker-compose.dcproj", "{C198FE71-F173-415A-B273-6DAE7BA3E7A8}"
EndProject
Global
	GlobalSection(SolutionConfigurationPlatforms) = preSolution
		Debug|Any CPU = Debug|Any CPU
		Release|Any CPU = Release|Any CPU
	EndGlobalSection
	GlobalSection(ProjectConfigurationPlatforms) = postSolution
		{4FB894EA-B26F-4903-9B03-AA7BAEBBCB93}.Debug|Any CPU.ActiveCfg = Debug|Any CPU
		{4FB894EA-B26F-4903-9B03-AA7BAEBBCB93}.Debug|Any CPU.Build.0 = Debug|Any CPU
		{4FB894EA-B26F-4903-9B03-AA7BAEBBCB93}.Release|Any CPU.ActiveCfg = Release|Any CPU
		{4FB894EA-B26F-4903-9B03-AA7BAEBBCB93}.Release|Any CPU.Build.0 = Release|Any CPU
		{C198FE71-F173-415A-B273-6DAE7BA3E7A8}.Debug|Any CPU.ActiveCfg = Debug|Any CPU
		{C198FE71-F173-415A-B273-6DAE7BA3E7A8}.Debug|Any CPU.Build.0 = Debug|Any CPU
		{C198FE71-F173-415A-B273-6DAE7BA3E7A8}.Release|Any CPU.ActiveCfg = Release|Any CPU
		{C198FE71-F173-415A-B273-6DAE7BA3E7A8}.Release|Any CPU.Build.0 = Release|Any CPU
	EndGlobalSection
	GlobalSection(SolutionProperties) = preSolution
		HideSolutionNode = FALSE
	EndGlobalSection
	GlobalSection(ExtensibilityGlobals) = postSolution
		SolutionGuid = {F631A38C-F49F-4911-8779-EFE5324A2412}
	EndGlobalSection
EndGlobal
